// !$*UTF8*$!
{
	archiveVersion = 1;
	classes = {
	};
	objectVersion = 50;
	objects = {

/* Begin PBXBuildFile section */
		1F0771D0257B15070010235B /* Utils.cpp in Sources */ = {isa = PBXBuildFile; fileRef = 1F0771CF257B15070010235B /* Utils.cpp */; };
		1F402BE42573312800D1437A /* main.cpp in Sources */ = {isa = PBXBuildFile; fileRef = 1F402BE32573312800D1437A /* main.cpp */; };
		1F402BED257331EA00D1437A /* TinyEXIF.cpp in Sources */ = {isa = PBXBuildFile; fileRef = 1F402BEB257331E900D1437A /* TinyEXIF.cpp */; };
		1F402BF1257332EB00D1437A /* tinyxml2.cpp in Sources */ = {isa = PBXBuildFile; fileRef = 1F402BEF257332EB00D1437A /* tinyxml2.cpp */; };
		1F402BFE2575102B00D1437A /* TinyExifWriter.cpp in Sources */ = {isa = PBXBuildFile; fileRef = 1F402BFC2575102B00D1437A /* TinyExifWriter.cpp */; };
/* End PBXBuildFile section */

/* Begin PBXCopyFilesBuildPhase section */
		1F402BDE2573312800D1437A /* CopyFiles */ = {
			isa = PBXCopyFilesBuildPhase;
			buildActionMask = 2147483647;
			dstPath = /usr/share/man/man1/;
			dstSubfolderSpec = 0;
			files = (
			);
			runOnlyForDeploymentPostprocessing = 1;
		};
/* End PBXCopyFilesBuildPhase section */

/* Begin PBXFileReference section */
		1F0771CF257B15070010235B /* Utils.cpp */ = {isa = PBXFileReference; lastKnownFileType = sourcecode.cpp.cpp; path = Utils.cpp; sourceTree = "<group>"; };
		1F402BE02573312800D1437A /* WritableTinyExif */ = {isa = PBXFileReference; explicitFileType = "compiled.mach-o.executable"; includeInIndex = 0; path = WritableTinyExif; sourceTree = BUILT_PRODUCTS_DIR; };
		1F402BE32573312800D1437A /* main.cpp */ = {isa = PBXFileReference; lastKnownFileType = sourcecode.cpp.cpp; path = main.cpp; sourceTree = "<group>"; };
		1F402BEB257331E900D1437A /* TinyEXIF.cpp */ = {isa = PBXFileReference; fileEncoding = 4; lastKnownFileType = sourcecode.cpp.cpp; path = TinyEXIF.cpp; sourceTree = "<group>"; };
		1F402BEC257331E900D1437A /* TinyEXIF.h */ = {isa = PBXFileReference; fileEncoding = 4; lastKnownFileType = sourcecode.c.h; path = TinyEXIF.h; sourceTree = "<group>"; };
		1F402BEF257332EB00D1437A /* tinyxml2.cpp */ = {isa = PBXFileReference; fileEncoding = 4; lastKnownFileType = sourcecode.cpp.cpp; path = tinyxml2.cpp; sourceTree = "<group>"; };
		1F402BF0257332EB00D1437A /* tinyxml2.h */ = {isa = PBXFileReference; fileEncoding = 4; lastKnownFileType = sourcecode.c.h; path = tinyxml2.h; sourceTree = "<group>"; };
		1F402BF725734A4900D1437A /* JpegMarks.h */ = {isa = PBXFileReference; lastKnownFileType = sourcecode.c.h; path = JpegMarks.h; sourceTree = "<group>"; };
		1F402BFA25734AAB00D1437A /* Utils.h */ = {isa = PBXFileReference; lastKnownFileType = sourcecode.c.h; path = Utils.h; sourceTree = "<group>"; };
		1F402BFC2575102B00D1437A /* TinyExifWriter.cpp */ = {isa = PBXFileReference; lastKnownFileType = sourcecode.cpp.cpp; path = TinyExifWriter.cpp; sourceTree = "<group>"; };
		1F402BFD2575102B00D1437A /* TinyExifWriter.hpp */ = {isa = PBXFileReference; lastKnownFileType = sourcecode.cpp.h; path = TinyExifWriter.hpp; sourceTree = "<group>"; };
/* End PBXFileReference section */

/* Begin PBXFrameworksBuildPhase section */
		1F402BDD2573312800D1437A /* Frameworks */ = {
			isa = PBXFrameworksBuildPhase;
			buildActionMask = 2147483647;
			files = (
			);
			runOnlyForDeploymentPostprocessing = 0;
		};
/* End PBXFrameworksBuildPhase section */

/* Begin PBXGroup section */
		1F402BD72573312800D1437A = {
			isa = PBXGroup;
			children = (
				1F402BE22573312800D1437A /* WritableTinyExif */,
				1F402BE12573312800D1437A /* Products */,
			);
			sourceTree = "<group>";
		};
		1F402BE12573312800D1437A /* Products */ = {
			isa = PBXGroup;
			children = (
				1F402BE02573312800D1437A /* WritableTinyExif */,
			);
			name = Products;
			sourceTree = "<group>";
		};
		1F402BE22573312800D1437A /* WritableTinyExif */ = {
			isa = PBXGroup;
			children = (
				1F402BEF257332EB00D1437A /* tinyxml2.cpp */,
				1F402BF0257332EB00D1437A /* tinyxml2.h */,
				1F402BEB257331E900D1437A /* TinyEXIF.cpp */,
				1F402BEC257331E900D1437A /* TinyEXIF.h */,
				1F402BE32573312800D1437A /* main.cpp */,
				1F402BF725734A4900D1437A /* JpegMarks.h */,
				1F402BFA25734AAB00D1437A /* Utils.h */,
				1F402BFC2575102B00D1437A /* TinyExifWriter.cpp */,
				1F402BFD2575102B00D1437A /* TinyExifWriter.hpp */,
				1F0771CF257B15070010235B /* Utils.cpp */,
			);
			path = WritableTinyExif;
			sourceTree = "<group>";
		};
/* End PBXGroup section */

/* Begin PBXNativeTarget section */
		1F402BDF2573312800D1437A /* WritableTinyExif */ = {
			isa = PBXNativeTarget;
			buildConfigurationList = 1F402BE72573312800D1437A /* Build configuration list for PBXNativeTarget "WritableTinyExif" */;
			buildPhases = (
				1F402BDC2573312800D1437A /* Sources */,
				1F402BDD2573312800D1437A /* Frameworks */,
				1F402BDE2573312800D1437A /* CopyFiles */,
			);
			buildRules = (
			);
			dependencies = (
			);
			name = WritableTinyExif;
			productName = WritableTinyExif;
			productReference = 1F402BE02573312800D1437A /* WritableTinyExif */;
			productType = "com.apple.product-type.tool";
		};
/* End PBXNativeTarget section */

/* Begin PBXProject section */
		1F402BD82573312800D1437A /* Project object */ = {
			isa = PBXProject;
			attributes = {
				LastUpgradeCheck = 1210;
				TargetAttributes = {
					1F402BDF2573312800D1437A = {
						CreatedOnToolsVersion = 12.1;
					};
				};
			};
			buildConfigurationList = 1F402BDB2573312800D1437A /* Build configuration list for PBXProject "WritableTinyExif" */;
			compatibilityVersion = "Xcode 9.3";
			developmentRegion = en;
			hasScannedForEncodings = 0;
			knownRegions = (
				en,
				Base,
			);
			mainGroup = 1F402BD72573312800D1437A;
			productRefGroup = 1F402BE12573312800D1437A /* Products */;
			projectDirPath = "";
			projectRoot = "";
			targets = (
				1F402BDF2573312800D1437A /* WritableTinyExif */,
			);
		};
/* End PBXProject section */

/* Begin PBXSourcesBuildPhase section */
		1F402BDC2573312800D1437A /* Sources */ = {
			isa = PBXSourcesBuildPhase;
			buildActionMask = 2147483647;
			files = (
				1F402BFE2575102B00D1437A /* TinyExifWriter.cpp in Sources */,
				1F402BF1257332EB00D1437A /* tinyxml2.cpp in Sources */,
				1F402BE42573312800D1437A /* main.cpp in Sources */,
				1F0771D0257B15070010235B /* Utils.cpp in Sources */,
				1F402BED257331EA00D1437A /* TinyEXIF.cpp in Sources */,
			);
			runOnlyForDeploymentPostprocessing = 0;
		};
/* End PBXSourcesBuildPhase section */

/* Begin XCBuildConfiguration section */
		1F402BE52573312800D1437A /* Debug */ = {
			isa = XCBuildConfiguration;
			buildSettings = {
				ALWAYS_SEARCH_USER_PATHS = NO;
				CLANG_ANALYZER_NONNULL = YES;
				CLANG_ANALYZER_NUMBER_OBJECT_CONVERSION = YES_AGGRESSIVE;
				CLANG_CXX_LANGUAGE_STANDARD = "gnu++14";
				CLANG_CXX_LIBRARY = "libc++";
				CLANG_ENABLE_MODULES = YES;
				CLANG_ENABLE_OBJC_ARC = YES;
				CLANG_ENABLE_OBJC_WEAK = YES;
				CLANG_WARN_BLOCK_CAPTURE_AUTORELEASING = YES;
				CLANG_WARN_BOOL_CONVERSION = YES;
				CLANG_WARN_COMMA = YES;
				CLANG_WARN_CONSTANT_CONVERSION = YES;
				CLANG_WARN_DEPRECATED_OBJC_IMPLEMENTATIONS = YES;
				CLANG_WARN_DIRECT_OBJC_ISA_USAGE = YES_ERROR;
				CLANG_WARN_DOCUMENTATION_COMMENTS = YES;
				CLANG_WARN_EMPTY_BODY = YES;
				CLANG_WARN_ENUM_CONVERSION = YES;
				CLANG_WARN_INFINITE_RECURSION = YES;
				CLANG_WARN_INT_CONVERSION = YES;
				CLANG_WARN_NON_LITERAL_NULL_CONVERSION = YES;
				CLANG_WARN_OBJC_IMPLICIT_RETAIN_SELF = YES;
				CLANG_WARN_OBJC_LITERAL_CONVERSION = YES;
				CLANG_WARN_OBJC_ROOT_CLASS = YES_ERROR;
				CLANG_WARN_QUOTED_INCLUDE_IN_FRAMEWORK_HEADER = YES;
				CLANG_WARN_RANGE_LOOP_ANALYSIS = YES;
				CLANG_WARN_STRICT_PROTOTYPES = YES;
				CLANG_WARN_SUSPICIOUS_MOVE = YES;
				CLANG_WARN_UNGUARDED_AVAILABILITY = YES_AGGRESSIVE;
				CLANG_WARN_UNREACHABLE_CODE = YES;
				CLANG_WARN__DUPLICATE_METHOD_MATCH = YES;
				COPY_PHASE_STRIP = NO;
				DEBUG_INFORMATION_FORMAT = dwarf;
				ENABLE_STRICT_OBJC_MSGSEND = YES;
				ENABLE_TESTABILITY = YES;
				GCC_C_LANGUAGE_STANDARD = gnu11;
				GCC_DYNAMIC_NO_PIC = NO;
				GCC_NO_COMMON_BLOCKS = YES;
				GCC_OPTIMIZATION_LEVEL = 0;
				GCC_PREPROCESSOR_DEFINITIONS = (
					"DEBUG=1",
					"$(inherited)",
				);
				GCC_WARN_64_TO_32_BIT_CONVERSION = YES;
				GCC_WARN_ABOUT_RETURN_TYPE = YES_ERROR;
				GCC_WARN_UNDECLARED_SELECTOR = YES;
				GCC_WARN_UNINITIALIZED_AUTOS = YES_AGGRESSIVE;
				GCC_WARN_UNUSED_FUNCTION = YES;
				GCC_WARN_UNUSED_VARIABLE = YES;
				MACOSX_DEPLOYMENT_TARGET = 10.15;
				MTL_ENABLE_DEBUG_INFO = INCLUDE_SOURCE;
				MTL_FAST_MATH = YES;
				ONLY_ACTIVE_ARCH = YES;
				SDKROOT = macosx;
			};
			name = Debug;
		};
		1F402BE62573312800D1437A /* Release */ = {
			isa = XCBuildConfiguration;
			buildSettings = {
				ALWAYS_SEARCH_USER_PATHS = NO;
				CLANG_ANALYZER_NONNULL = YES;
				CLANG_ANALYZER_NUMBER_OBJECT_CONVERSION = YES_AGGRESSIVE;
				CLANG_CXX_LANGUAGE_STANDARD = "gnu++14";
				CLANG_CXX_LIBRARY = "libc++";
				CLANG_ENABLE_MODULES = YES;
				CLANG_ENABLE_OBJC_ARC = YES;
				CLANG_ENABLE_OBJC_WEAK = YES;
				CLANG_WARN_BLOCK_CAPTURE_AUTORELEASING = YES;
				CLANG_WARN_BOOL_CONVERSION = YES;
				CLANG_WARN_COMMA = YES;
				CLANG_WARN_CONSTANT_CONVERSION = YES;
				CLANG_WARN_DEPRECATED_OBJC_IMPLEMENTATIONS = YES;
				CLANG_WARN_DIRECT_OBJC_ISA_USAGE = YES_ERROR;
				CLANG_WARN_DOCUMENTATION_COMMENTS = YES;
				CLANG_WARN_EMPTY_BODY = YES;
				CLANG_WARN_ENUM_CONVERSION = YES;
				CLANG_WARN_INFINITE_RECURSION = YES;
				CLANG_WARN_INT_CONVERSION = YES;
				CLANG_WARN_NON_LITERAL_NULL_CONVERSION = YES;
				CLANG_WARN_OBJC_IMPLICIT_RETAIN_SELF = YES;
				CLANG_WARN_OBJC_LITERAL_CONVERSION = YES;
				CLANG_WARN_OBJC_ROOT_CLASS = YES_ERROR;
				CLANG_WARN_QUOTED_INCLUDE_IN_FRAMEWORK_HEADER = YES;
				CLANG_WARN_RANGE_LOOP_ANALYSIS = YES;
				CLANG_WARN_STRICT_PROTOTYPES = YES;
				CLANG_WARN_SUSPICIOUS_MOVE = YES;
				CLANG_WARN_UNGUARDED_AVAILABILITY = YES_AGGRESSIVE;
				CLANG_WARN_UNREACHABLE_CODE = YES;
				CLANG_WARN__DUPLICATE_METHOD_MATCH = YES;
				COPY_PHASE_STRIP = NO;
				DEBUG_INFORMATION_FORMAT = "dwarf-with-dsym";
				ENABLE_NS_ASSERTIONS = NO;
				ENABLE_STRICT_OBJC_MSGSEND = YES;
				GCC_C_LANGUAGE_STANDARD = gnu11;
				GCC_NO_COMMON_BLOCKS = YES;
				GCC_WARN_64_TO_32_BIT_CONVERSION = YES;
				GCC_WARN_ABOUT_RETURN_TYPE = YES_ERROR;
				GCC_WARN_UNDECLARED_SELECTOR = YES;
				GCC_WARN_UNINITIALIZED_AUTOS = YES_AGGRESSIVE;
				GCC_WARN_UNUSED_FUNCTION = YES;
				GCC_WARN_UNUSED_VARIABLE = YES;
				MACOSX_DEPLOYMENT_TARGET = 10.15;
				MTL_ENABLE_DEBUG_INFO = NO;
				MTL_FAST_MATH = YES;
				SDKROOT = macosx;
			};
			name = Release;
		};
		1F402BE82573312800D1437A /* Debug */ = {
			isa = XCBuildConfiguration;
			buildSettings = {
				CODE_SIGN_STYLE = Automatic;
				DEVELOPMENT_TEAM = 85N9BDTSMU;
				ENABLE_HARDENED_RUNTIME = YES;
				PRODUCT_NAME = "$(TARGET_NAME)";
			};
			name = Debug;
		};
		1F402BE92573312800D1437A /* Release */ = {
			isa = XCBuildConfiguration;
			buildSettings = {
				CODE_SIGN_STYLE = Automatic;
				DEVELOPMENT_TEAM = 85N9BDTSMU;
				ENABLE_HARDENED_RUNTIME = YES;
				PRODUCT_NAME = "$(TARGET_NAME)";
			};
			name = Release;
		};
/* End XCBuildConfiguration section */

/* Begin XCConfigurationList section */
		1F402BDB2573312800D1437A /* Build configuration list for PBXProject "WritableTinyExif" */ = {
			isa = XCConfigurationList;
			buildConfigurations = (
				1F402BE52573312800D1437A /* Debug */,
				1F402BE62573312800D1437A /* Release */,
			);
			defaultConfigurationIsVisible = 0;
			defaultConfigurationName = Release;
		};
		1F402BE72573312800D1437A /* Build configuration list for PBXNativeTarget "WritableTinyExif" */ = {
			isa = XCConfigurationList;
			buildConfigurations = (
				1F402BE82573312800D1437A /* Debug */,
				1F402BE92573312800D1437A /* Release */,
			);
			defaultConfigurationIsVisible = 0;
			defaultConfigurationName = Release;
		};
/* End XCConfigurationList section */
	};
	rootObject = 1F402BD82573312800D1437A /* Project object */;
}
